
Microsoft Visual Studio Solution File, Format Version 12.00
# Visual Studio 2012
Project("{FAE04EC0-301F-11D3-BF4B-00C04F79EFBC}") = "Convertidor_De_Peso", "Convertidor_De_Peso\Convertidor_De_Peso.csproj", "{CBC71056-E6E3-452E-8F56-47EAE5ACF633}"
EndProject
Global
	GlobalSection(SolutionConfigurationPlatforms) = preSolution
		Debug|Any CPU = Debug|Any CPU
		Release|Any CPU = Release|Any CPU
	EndGlobalSection
	GlobalSection(ProjectConfigurationPlatforms) = postSolution
		{CBC71056-E6E3-452E-8F56-47EAE5ACF633}.Debug|Any CPU.ActiveCfg = Debug|Any CPU
		{CBC71056-E6E3-452E-8F56-47EAE5ACF633}.Debug|Any CPU.Build.0 = Debug|Any CPU
		{CBC71056-E6E3-452E-8F56-47EAE5ACF633}.Release|Any CPU.ActiveCfg = Release|Any CPU
		{CBC71056-E6E3-452E-8F56-47EAE5ACF633}.Release|Any CPU.Build.0 = Release|Any CPU
	EndGlobalSection
	GlobalSection(SolutionProperties) = preSolution
		HideSolutionNode = FALSE
	EndGlobalSection
EndGlobal
